
Microsoft Visual Studio Solution File, Format Version 12.00
# Visual Studio Version 17
VisualStudioVersion = 17.8.34330.188
MinimumVisualStudioVersion = 10.0.40219.1
Project("{2150E333-8FDC-42A3-9474-1A3956D46DE8}") = "00-Opakování", "00-Opakování", "{1A8A9FF1-7D89-4FAD-8590-BC740874A912}"
EndProject
Project("{9A19103F-16F7-4668-BE54-9A1E7A4F7556}") = "00-opakovani-00-demo", "00-opakovani-00-demo\00-opakovani-00-demo.csproj", "{1F39EE46-FE86-45D4-AD5B-1C77745576AE}"
EndProject
Project("{9A19103F-16F7-4668-BE54-9A1E7A4F7556}") = "testttt", "testttt\testttt.csproj", "{003DAAAB-A32A-43BC-8501-BE5DE7E09009}"
EndProject
Project("{9A19103F-16F7-4668-BE54-9A1E7A4F7556}") = "00-Rev-01-poslední-dlouhe", "00-Rev-01-poslední-dlouhe\00-Rev-01-poslední-dlouhe.csproj", "{02B6978C-C52F-4041-8844-84BA279A5DBF}"
EndProject
Project("{9A19103F-16F7-4668-BE54-9A1E7A4F7556}") = "00-Rev-02-prumer-lichych", "00-Rev-02-prumer-lichych\00-Rev-02-prumer-lichych.csproj", "{152AE0F4-40B7-4B67-8149-8665C8E269EB}"
EndProject
Project("{9A19103F-16F7-4668-BE54-9A1E7A4F7556}") = "Zamestnanci", "Zamestnanci\Zamestnanci.csproj", "{B8B4ABDC-0D50-4E4E-AC26-56B2F708BB8E}"
EndProject
Project("{9A19103F-16F7-4668-BE54-9A1E7A4F7556}") = "Dopravni_prostredky", "Dopravni_prostredky\Dopravni_prostredky.csproj", "{1C42F581-E8B5-4465-A741-975EFED1F024}"
EndProject
Project("{9A19103F-16F7-4668-BE54-9A1E7A4F7556}") = "Test-OOP-Dedicnost", "Test-OOP-Dedicnost\Test-OOP-Dedicnost.csproj", "{B4D6AF9C-3A85-498D-9FE8-670F843B5138}"
EndProject
Project("{9A19103F-16F7-4668-BE54-9A1E7A4F7556}") = "Hanojska-vez", "Hanojska-vez\Hanojska-vez.csproj", "{809D3D16-E721-4566-B1B5-3D1976D274D7}"
EndProject
Project("{9A19103F-16F7-4668-BE54-9A1E7A4F7556}") = "Vozikyyy", "Vozikyyy\Vozikyyy.csproj", "{C1635B50-E596-4DE0-B488-A2EA0ECBE32F}"
EndProject
Project("{9A19103F-16F7-4668-BE54-9A1E7A4F7556}") = "Bludiste", "Bludiste\Bludiste.csproj", "{EBFDF29E-B1BC-4BE3-8687-A00E0BC81BAC}"
EndProject
Project("{FAE04EC0-301F-11D3-BF4B-00C04F79EFBC}") = "Projekt-obchodnici", "Projekt-obchodnici\Projekt-obchodnici.csproj", "{8AD3E9E9-6177-4D42-BBA7-0E0C2B8C7556}"
EndProject
Project("{FAE04EC0-301F-11D3-BF4B-00C04F79EFBC}") = "SokobanV1", "..\..\..\source\repos\SokobanV1\SokobanV1\SokobanV1.csproj", "{8DC0DE17-006A-B74D-26A4-0B7FC6984D32}"
EndProject
Global
	GlobalSection(SolutionConfigurationPlatforms) = preSolution
		Debug|Any CPU = Debug|Any CPU
		Release|Any CPU = Release|Any CPU
	EndGlobalSection
	GlobalSection(ProjectConfigurationPlatforms) = postSolution
		{1F39EE46-FE86-45D4-AD5B-1C77745576AE}.Debug|Any CPU.ActiveCfg = Debug|Any CPU
		{1F39EE46-FE86-45D4-AD5B-1C77745576AE}.Debug|Any CPU.Build.0 = Debug|Any CPU
		{1F39EE46-FE86-45D4-AD5B-1C77745576AE}.Release|Any CPU.ActiveCfg = Release|Any CPU
		{1F39EE46-FE86-45D4-AD5B-1C77745576AE}.Release|Any CPU.Build.0 = Release|Any CPU
		{003DAAAB-A32A-43BC-8501-BE5DE7E09009}.Debug|Any CPU.ActiveCfg = Debug|Any CPU
		{003DAAAB-A32A-43BC-8501-BE5DE7E09009}.Debug|Any CPU.Build.0 = Debug|Any CPU
		{003DAAAB-A32A-43BC-8501-BE5DE7E09009}.Release|Any CPU.ActiveCfg = Release|Any CPU
		{003DAAAB-A32A-43BC-8501-BE5DE7E09009}.Release|Any CPU.Build.0 = Release|Any CPU
		{02B6978C-C52F-4041-8844-84BA279A5DBF}.Debug|Any CPU.ActiveCfg = Debug|Any CPU
		{02B6978C-C52F-4041-8844-84BA279A5DBF}.Debug|Any CPU.Build.0 = Debug|Any CPU
		{02B6978C-C52F-4041-8844-84BA279A5DBF}.Release|Any CPU.ActiveCfg = Release|Any CPU
		{02B6978C-C52F-4041-8844-84BA279A5DBF}.Release|Any CPU.Build.0 = Release|Any CPU
		{152AE0F4-40B7-4B67-8149-8665C8E269EB}.Debug|Any CPU.ActiveCfg = Debug|Any CPU
		{152AE0F4-40B7-4B67-8149-8665C8E269EB}.Debug|Any CPU.Build.0 = Debug|Any CPU
		{152AE0F4-40B7-4B67-8149-8665C8E269EB}.Release|Any CPU.ActiveCfg = Release|Any CPU
		{152AE0F4-40B7-4B67-8149-8665C8E269EB}.Release|Any CPU.Build.0 = Release|Any CPU
		{B8B4ABDC-0D50-4E4E-AC26-56B2F708BB8E}.Debug|Any CPU.ActiveCfg = Debug|Any CPU
		{B8B4ABDC-0D50-4E4E-AC26-56B2F708BB8E}.Debug|Any CPU.Build.0 = Debug|Any CPU
		{B8B4ABDC-0D50-4E4E-AC26-56B2F708BB8E}.Release|Any CPU.ActiveCfg = Release|Any CPU
		{B8B4ABDC-0D50-4E4E-AC26-56B2F708BB8E}.Release|Any CPU.Build.0 = Release|Any CPU
		{1C42F581-E8B5-4465-A741-975EFED1F024}.Debug|Any CPU.ActiveCfg = Debug|Any CPU
		{1C42F581-E8B5-4465-A741-975EFED1F024}.Debug|Any CPU.Build.0 = Debug|Any CPU
		{1C42F581-E8B5-4465-A741-975EFED1F024}.Release|Any CPU.ActiveCfg = Release|Any CPU
		{1C42F581-E8B5-4465-A741-975EFED1F024}.Release|Any CPU.Build.0 = Release|Any CPU
		{B4D6AF9C-3A85-498D-9FE8-670F843B5138}.Debug|Any CPU.ActiveCfg = Debug|Any CPU
		{B4D6AF9C-3A85-498D-9FE8-670F843B5138}.Debug|Any CPU.Build.0 = Debug|Any CPU
		{B4D6AF9C-3A85-498D-9FE8-670F843B5138}.Release|Any CPU.ActiveCfg = Release|Any CPU
		{B4D6AF9C-3A85-498D-9FE8-670F843B5138}.Release|Any CPU.Build.0 = Release|Any CPU
		{809D3D16-E721-4566-B1B5-3D1976D274D7}.Debug|Any CPU.ActiveCfg = Debug|Any CPU
		{809D3D16-E721-4566-B1B5-3D1976D274D7}.Debug|Any CPU.Build.0 = Debug|Any CPU
		{809D3D16-E721-4566-B1B5-3D1976D274D7}.Release|Any CPU.ActiveCfg = Release|Any CPU
		{809D3D16-E721-4566-B1B5-3D1976D274D7}.Release|Any CPU.Build.0 = Release|Any CPU
		{C1635B50-E596-4DE0-B488-A2EA0ECBE32F}.Debug|Any CPU.ActiveCfg = Debug|Any CPU
		{C1635B50-E596-4DE0-B488-A2EA0ECBE32F}.Debug|Any CPU.Build.0 = Debug|Any CPU
		{C1635B50-E596-4DE0-B488-A2EA0ECBE32F}.Release|Any CPU.ActiveCfg = Release|Any CPU
		{C1635B50-E596-4DE0-B488-A2EA0ECBE32F}.Release|Any CPU.Build.0 = Release|Any CPU
		{EBFDF29E-B1BC-4BE3-8687-A00E0BC81BAC}.Debug|Any CPU.ActiveCfg = Debug|Any CPU
		{EBFDF29E-B1BC-4BE3-8687-A00E0BC81BAC}.Debug|Any CPU.Build.0 = Debug|Any CPU
		{EBFDF29E-B1BC-4BE3-8687-A00E0BC81BAC}.Release|Any CPU.ActiveCfg = Release|Any CPU
		{EBFDF29E-B1BC-4BE3-8687-A00E0BC81BAC}.Release|Any CPU.Build.0 = Release|Any CPU
		{8AD3E9E9-6177-4D42-BBA7-0E0C2B8C7556}.Debug|Any CPU.ActiveCfg = Debug|Any CPU
		{8AD3E9E9-6177-4D42-BBA7-0E0C2B8C7556}.Debug|Any CPU.Build.0 = Debug|Any CPU
		{8AD3E9E9-6177-4D42-BBA7-0E0C2B8C7556}.Release|Any CPU.ActiveCfg = Release|Any CPU
		{8AD3E9E9-6177-4D42-BBA7-0E0C2B8C7556}.Release|Any CPU.Build.0 = Release|Any CPU
		{8DC0DE17-006A-B74D-26A4-0B7FC6984D32}.Debug|Any CPU.ActiveCfg = Debug|Any CPU
		{8DC0DE17-006A-B74D-26A4-0B7FC6984D32}.Debug|Any CPU.Build.0 = Debug|Any CPU
		{8DC0DE17-006A-B74D-26A4-0B7FC6984D32}.Release|Any CPU.ActiveCfg = Release|Any CPU
		{8DC0DE17-006A-B74D-26A4-0B7FC6984D32}.Release|Any CPU.Build.0 = Release|Any CPU
	EndGlobalSection
	GlobalSection(SolutionProperties) = preSolution
		HideSolutionNode = FALSE
	EndGlobalSection
	GlobalSection(NestedProjects) = preSolution
		{1F39EE46-FE86-45D4-AD5B-1C77745576AE} = {1A8A9FF1-7D89-4FAD-8590-BC740874A912}
		{003DAAAB-A32A-43BC-8501-BE5DE7E09009} = {1A8A9FF1-7D89-4FAD-8590-BC740874A912}
		{B8B4ABDC-0D50-4E4E-AC26-56B2F708BB8E} = {1A8A9FF1-7D89-4FAD-8590-BC740874A912}
		{1C42F581-E8B5-4465-A741-975EFED1F024} = {1A8A9FF1-7D89-4FAD-8590-BC740874A912}
		{C1635B50-E596-4DE0-B488-A2EA0ECBE32F} = {1A8A9FF1-7D89-4FAD-8590-BC740874A912}
	EndGlobalSection
	GlobalSection(ExtensibilityGlobals) = postSolution
		SolutionGuid = {62178165-7964-43C6-BDBF-EFF507BC95F7}
	EndGlobalSection
EndGlobal
